{
  "requires": true,
  "lockfileVersion": 1,
  "dependencies": {
    "dotenv": {
      "version": "6.0.0",
      "resolved": "https://registry.npmjs.org/dotenv/-/dotenv-6.0.0.tgz",
      "integrity": "sha512-FlWbnhgjtwD+uNLUGHbMykMOYQaTivdHEmYwAKFjn6GKe/CqY0fNae93ZHTd20snh9ZLr8mTzIL9m0APQ1pjQg=="
    },
    "slack": {
      "version": "11.0.1",
      "resolved": "https://registry.npmjs.org/slack/-/slack-11.0.1.tgz",
      "integrity": "sha512-IrNIVPZtnflzjo0Rpy947SL2ITAHfw1Mm1VVQAPwUk0Yyy+UW2PCwSJGFUbgagFrR66LviHuhOUqpR+ZMspaeQ==",
      "requires": {
        "tiny-json-http": "^7.0.0"
      }
    },
    "tiny-json-http": {
      "version": "7.0.0",
      "resolved": "https://registry.npmjs.org/tiny-json-http/-/tiny-json-http-7.0.0.tgz",
      "integrity": "sha512-g3S2RiSmoZDJOMDTX6uj8GjVsiH4s0W0tb1YKYARoP4cosgIb4CB2i7Cdzn9UJqOrI1b1aNK+cgScPx4TwolQg=="
    }
  }
}
